// !$*UTF8*$!
{
	archiveVersion = 1;
	classes = {
	};
	objectVersion = 50;
	objects = {

/* Begin PBXBuildFile section */
		5195C71C25B0AC2E0076870F /* LandmarksApp.swift in Sources */ = {isa = PBXBuildFile; fileRef = 5195C71B25B0AC2E0076870F /* LandmarksApp.swift */; };
		5195C71E25B0AC2E0076870F /* ContentView.swift in Sources */ = {isa = PBXBuildFile; fileRef = 5195C71D25B0AC2E0076870F /* ContentView.swift */; };
		5195C72025B0AC300076870F /* Assets.xcassets in Resources */ = {isa = PBXBuildFile; fileRef = 5195C71F25B0AC300076870F /* Assets.xcassets */; };
		5195C72325B0AC300076870F /* Preview Assets.xcassets in Resources */ = {isa = PBXBuildFile; fileRef = 5195C72225B0AC300076870F /* Preview Assets.xcassets */; };
		5195C72C25B245F30076870F /* CircleImage.swift in Sources */ = {isa = PBXBuildFile; fileRef = 5195C72B25B245F30076870F /* CircleImage.swift */; };
		5195C72F25B247770076870F /* MapView.swift in Sources */ = {isa = PBXBuildFile; fileRef = 5195C72E25B247770076870F /* MapView.swift */; };
		5195C73225B251400076870F /* landmarkData.json in Resources */ = {isa = PBXBuildFile; fileRef = 5195C73125B251400076870F /* landmarkData.json */; };
		5195C73625B251B00076870F /* Landmark.swift in Sources */ = {isa = PBXBuildFile; fileRef = 5195C73525B251B00076870F /* Landmark.swift */; };
		5195C73925B2572D0076870F /* ModelData.swift in Sources */ = {isa = PBXBuildFile; fileRef = 5195C73825B2572D0076870F /* ModelData.swift */; };
		5195C74225B258D00076870F /* LandmarkRow.swift in Sources */ = {isa = PBXBuildFile; fileRef = 5195C74125B258D00076870F /* LandmarkRow.swift */; };
		5195C74725B25B1E0076870F /* LandmarkList.swift in Sources */ = {isa = PBXBuildFile; fileRef = 5195C74625B25B1E0076870F /* LandmarkList.swift */; };
		5195C74A25B25DD20076870F /* LandmarkDetail.swift in Sources */ = {isa = PBXBuildFile; fileRef = 5195C74925B25DD20076870F /* LandmarkDetail.swift */; };
		5195C74D25B26E3A0076870F /* FavoriteButton.swift in Sources */ = {isa = PBXBuildFile; fileRef = 5195C74C25B26E3A0076870F /* FavoriteButton.swift */; };
/* End PBXBuildFile section */

/* Begin PBXFileReference section */
		5195C71825B0AC2E0076870F /* Landmarks.app */ = {isa = PBXFileReference; explicitFileType = wrapper.application; includeInIndex = 0; path = Landmarks.app; sourceTree = BUILT_PRODUCTS_DIR; };
		5195C71B25B0AC2E0076870F /* LandmarksApp.swift */ = {isa = PBXFileReference; lastKnownFileType = sourcecode.swift; path = LandmarksApp.swift; sourceTree = "<group>"; };
		5195C71D25B0AC2E0076870F /* ContentView.swift */ = {isa = PBXFileReference; lastKnownFileType = sourcecode.swift; path = ContentView.swift; sourceTree = "<group>"; };
		5195C71F25B0AC300076870F /* Assets.xcassets */ = {isa = PBXFileReference; lastKnownFileType = folder.assetcatalog; path = Assets.xcassets; sourceTree = "<group>"; };
		5195C72225B0AC300076870F /* Preview Assets.xcassets */ = {isa = PBXFileReference; lastKnownFileType = folder.assetcatalog; path = "Preview Assets.xcassets"; sourceTree = "<group>"; };
		5195C72425B0AC300076870F /* Info.plist */ = {isa = PBXFileReference; lastKnownFileType = text.plist.xml; path = Info.plist; sourceTree = "<group>"; };
		5195C72B25B245F30076870F /* CircleImage.swift */ = {isa = PBXFileReference; lastKnownFileType = sourcecode.swift; path = CircleImage.swift; sourceTree = "<group>"; };
		5195C72E25B247770076870F /* MapView.swift */ = {isa = PBXFileReference; lastKnownFileType = sourcecode.swift; path = MapView.swift; sourceTree = "<group>"; };
		5195C73125B251400076870F /* landmarkData.json */ = {isa = PBXFileReference; fileEncoding = 4; lastKnownFileType = text.json; path = landmarkData.json; sourceTree = "<group>"; };
		5195C73525B251B00076870F /* Landmark.swift */ = {isa = PBXFileReference; lastKnownFileType = sourcecode.swift; path = Landmark.swift; sourceTree = "<group>"; };
		5195C73825B2572D0076870F /* ModelData.swift */ = {isa = PBXFileReference; lastKnownFileType = sourcecode.swift; path = ModelData.swift; sourceTree = "<group>"; };
		5195C74125B258D00076870F /* LandmarkRow.swift */ = {isa = PBXFileReference; lastKnownFileType = sourcecode.swift; path = LandmarkRow.swift; sourceTree = "<group>"; };
		5195C74625B25B1E0076870F /* LandmarkList.swift */ = {isa = PBXFileReference; lastKnownFileType = sourcecode.swift; path = LandmarkList.swift; sourceTree = "<group>"; };
		5195C74925B25DD20076870F /* LandmarkDetail.swift */ = {isa = PBXFileReference; lastKnownFileType = sourcecode.swift; path = LandmarkDetail.swift; sourceTree = "<group>"; };
		5195C74C25B26E3A0076870F /* FavoriteButton.swift */ = {isa = PBXFileReference; lastKnownFileType = sourcecode.swift; path = FavoriteButton.swift; sourceTree = "<group>"; };
/* End PBXFileReference section */

/* Begin PBXFrameworksBuildPhase section */
		5195C71525B0AC2E0076870F /* Frameworks */ = {
			isa = PBXFrameworksBuildPhase;
			buildActionMask = 2147483647;
			files = (
			);
			runOnlyForDeploymentPostprocessing = 0;
		};
/* End PBXFrameworksBuildPhase section */

/* Begin PBXGroup section */
		5195C70F25B0AC2D0076870F = {
			isa = PBXGroup;
			children = (
				5195C71A25B0AC2E0076870F /* Landmarks */,
				5195C71925B0AC2E0076870F /* Products */,
			);
			sourceTree = "<group>";
		};
		5195C71925B0AC2E0076870F /* Products */ = {
			isa = PBXGroup;
			children = (
				5195C71825B0AC2E0076870F /* Landmarks.app */,
			);
			name = Products;
			sourceTree = "<group>";
		};
		5195C71A25B0AC2E0076870F /* Landmarks */ = {
			isa = PBXGroup;
			children = (
				5195C71B25B0AC2E0076870F /* LandmarksApp.swift */,
				5195C73C25B2580B0076870F /* Views */,
				5195C73E25B258290076870F /* Model */,
				5195C74025B258330076870F /* Resources */,
				5195C71F25B0AC300076870F /* Assets.xcassets */,
				5195C72425B0AC300076870F /* Info.plist */,
				5195C72125B0AC300076870F /* Preview Content */,
			);
			path = Landmarks;
			sourceTree = "<group>";
		};
		5195C72125B0AC300076870F /* Preview Content */ = {
			isa = PBXGroup;
			children = (
				5195C72225B0AC300076870F /* Preview Assets.xcassets */,
			);
			path = "Preview Content";
			sourceTree = "<group>";
		};
		5195C73C25B2580B0076870F /* Views */ = {
			isa = PBXGroup;
			children = (
				5195C71D25B0AC2E0076870F /* ContentView.swift */,
				5195C74F25B26F1C0076870F /* Landmarks */,
				5195C75125B26F290076870F /* Helpers */,
			);
			path = Views;
			sourceTree = "<group>";
		};
		5195C73E25B258290076870F /* Model */ = {
			isa = PBXGroup;
			children = (
				5195C73525B251B00076870F /* Landmark.swift */,
				5195C73825B2572D0076870F /* ModelData.swift */,
			);
			path = Model;
			sourceTree = "<group>";
		};
		5195C74025B258330076870F /* Resources */ = {
			isa = PBXGroup;
			children = (
				5195C73125B251400076870F /* landmarkData.json */,
			);
			path = Resources;
			sourceTree = "<group>";
		};
		5195C74F25B26F1C0076870F /* Landmarks */ = {
			isa = PBXGroup;
			children = (
				5195C74625B25B1E0076870F /* LandmarkList.swift */,
				5195C74125B258D00076870F /* LandmarkRow.swift */,
				5195C74925B25DD20076870F /* LandmarkDetail.swift */,
			);
			path = Landmarks;
			sourceTree = "<group>";
		};
		5195C75125B26F290076870F /* Helpers */ = {
			isa = PBXGroup;
			children = (
				5195C72B25B245F30076870F /* CircleImage.swift */,
				5195C72E25B247770076870F /* MapView.swift */,
				5195C74C25B26E3A0076870F /* FavoriteButton.swift */,
			);
			path = Helpers;
			sourceTree = "<group>";
		};
/* End PBXGroup section */

/* Begin PBXNativeTarget section */
		5195C71725B0AC2E0076870F /* Landmarks */ = {
			isa = PBXNativeTarget;
			buildConfigurationList = 5195C72725B0AC300076870F /* Build configuration list for PBXNativeTarget "Landmarks" */;
			buildPhases = (
				5195C71425B0AC2E0076870F /* Sources */,
				5195C71525B0AC2E0076870F /* Frameworks */,
				5195C71625B0AC2E0076870F /* Resources */,
			);
			buildRules = (
			);
			dependencies = (
			);
			name = Landmarks;
			productName = Landmarks;
			productReference = 5195C71825B0AC2E0076870F /* Landmarks.app */;
			productType = "com.apple.product-type.application";
		};
/* End PBXNativeTarget section */

/* Begin PBXProject section */
		5195C71025B0AC2D0076870F /* Project object */ = {
			isa = PBXProject;
			attributes = {
				LastSwiftUpdateCheck = 1230;
				LastUpgradeCheck = 1230;
				TargetAttributes = {
					5195C71725B0AC2E0076870F = {
						CreatedOnToolsVersion = 12.3;
					};
				};
			};
			buildConfigurationList = 5195C71325B0AC2D0076870F /* Build configuration list for PBXProject "Landmarks" */;
			compatibilityVersion = "Xcode 9.3";
			developmentRegion = en;
			hasScannedForEncodings = 0;
			knownRegions = (
				en,
				Base,
			);
			mainGroup = 5195C70F25B0AC2D0076870F;
			productRefGroup = 5195C71925B0AC2E0076870F /* Products */;
			projectDirPath = "";
			projectRoot = "";
			targets = (
				5195C71725B0AC2E0076870F /* Landmarks */,
			);
		};
/* End PBXProject section */

/* Begin PBXResourcesBuildPhase section */
		5195C71625B0AC2E0076870F /* Resources */ = {
			isa = PBXResourcesBuildPhase;
			buildActionMask = 2147483647;
			files = (
				5195C72325B0AC300076870F /* Preview Assets.xcassets in Resources */,
				5195C72025B0AC300076870F /* Assets.xcassets in Resources */,
				5195C73225B251400076870F /* landmarkData.json in Resources */,
			);
			runOnlyForDeploymentPostprocessing = 0;
		};
/* End PBXResourcesBuildPhase section */

/* Begin PBXSourcesBuildPhase section */
		5195C71425B0AC2E0076870F /* Sources */ = {
			isa = PBXSourcesBuildPhase;
			buildActionMask = 2147483647;
			files = (
				5195C71E25B0AC2E0076870F /* ContentView.swift in Sources */,
				5195C72F25B247770076870F /* MapView.swift in Sources */,
				5195C71C25B0AC2E0076870F /* LandmarksApp.swift in Sources */,
				5195C74D25B26E3A0076870F /* FavoriteButton.swift in Sources */,
				5195C74725B25B1E0076870F /* LandmarkList.swift in Sources */,
				5195C74A25B25DD20076870F /* LandmarkDetail.swift in Sources */,
				5195C72C25B245F30076870F /* CircleImage.swift in Sources */,
				5195C73625B251B00076870F /* Landmark.swift in Sources */,
				5195C74225B258D00076870F /* LandmarkRow.swift in Sources */,
				5195C73925B2572D0076870F /* ModelData.swift in Sources */,
			);
			runOnlyForDeploymentPostprocessing = 0;
		};
/* End PBXSourcesBuildPhase section */

/* Begin XCBuildConfiguration section */
		5195C72525B0AC300076870F /* Debug */ = {
			isa = XCBuildConfiguration;
			buildSettings = {
				ALWAYS_SEARCH_USER_PATHS = NO;
				CLANG_ANALYZER_NONNULL = YES;
				CLANG_ANALYZER_NUMBER_OBJECT_CONVERSION = YES_AGGRESSIVE;
				CLANG_CXX_LANGUAGE_STANDARD = "gnu++14";
				CLANG_CXX_LIBRARY = "libc++";
				CLANG_ENABLE_MODULES = YES;
				CLANG_ENABLE_OBJC_ARC = YES;
				CLANG_ENABLE_OBJC_WEAK = YES;
				CLANG_WARN_BLOCK_CAPTURE_AUTORELEASING = YES;
				CLANG_WARN_BOOL_CONVERSION = YES;
				CLANG_WARN_COMMA = YES;
				CLANG_WARN_CONSTANT_CONVERSION = YES;
				CLANG_WARN_DEPRECATED_OBJC_IMPLEMENTATIONS = YES;
				CLANG_WARN_DIRECT_OBJC_ISA_USAGE = YES_ERROR;
				CLANG_WARN_DOCUMENTATION_COMMENTS = YES;
				CLANG_WARN_EMPTY_BODY = YES;
				CLANG_WARN_ENUM_CONVERSION = YES;
				CLANG_WARN_INFINITE_RECURSION = YES;
				CLANG_WARN_INT_CONVERSION = YES;
				CLANG_WARN_NON_LITERAL_NULL_CONVERSION = YES;
				CLANG_WARN_OBJC_IMPLICIT_RETAIN_SELF = YES;
				CLANG_WARN_OBJC_LITERAL_CONVERSION = YES;
				CLANG_WARN_OBJC_ROOT_CLASS = YES_ERROR;
				CLANG_WARN_QUOTED_INCLUDE_IN_FRAMEWORK_HEADER = YES;
				CLANG_WARN_RANGE_LOOP_ANALYSIS = YES;
				CLANG_WARN_STRICT_PROTOTYPES = YES;
				CLANG_WARN_SUSPICIOUS_MOVE = YES;
				CLANG_WARN_UNGUARDED_AVAILABILITY = YES_AGGRESSIVE;
				CLANG_WARN_UNREACHABLE_CODE = YES;
				CLANG_WARN__DUPLICATE_METHOD_MATCH = YES;
				COPY_PHASE_STRIP = NO;
				DEBUG_INFORMATION_FORMAT = dwarf;
				ENABLE_STRICT_OBJC_MSGSEND = YES;
				ENABLE_TESTABILITY = YES;
				GCC_C_LANGUAGE_STANDARD = gnu11;
				GCC_DYNAMIC_NO_PIC = NO;
				GCC_NO_COMMON_BLOCKS = YES;
				GCC_OPTIMIZATION_LEVEL = 0;
				GCC_PREPROCESSOR_DEFINITIONS = (
					"DEBUG=1",
					"$(inherited)",
				);
				GCC_WARN_64_TO_32_BIT_CONVERSION = YES;
				GCC_WARN_ABOUT_RETURN_TYPE = YES_ERROR;
				GCC_WARN_UNDECLARED_SELECTOR = YES;
				GCC_WARN_UNINITIALIZED_AUTOS = YES_AGGRESSIVE;
				GCC_WARN_UNUSED_FUNCTION = YES;
				GCC_WARN_UNUSED_VARIABLE = YES;
				IPHONEOS_DEPLOYMENT_TARGET = 14.3;
				MTL_ENABLE_DEBUG_INFO = INCLUDE_SOURCE;
				MTL_FAST_MATH = YES;
				ONLY_ACTIVE_ARCH = YES;
				SDKROOT = iphoneos;
				SWIFT_ACTIVE_COMPILATION_CONDITIONS = DEBUG;
				SWIFT_OPTIMIZATION_LEVEL = "-Onone";
			};
			name = Debug;
		};
		5195C72625B0AC300076870F /* Release */ = {
			isa = XCBuildConfiguration;
			buildSettings = {
				ALWAYS_SEARCH_USER_PATHS = NO;
				CLANG_ANALYZER_NONNULL = YES;
				CLANG_ANALYZER_NUMBER_OBJECT_CONVERSION = YES_AGGRESSIVE;
				CLANG_CXX_LANGUAGE_STANDARD = "gnu++14";
				CLANG_CXX_LIBRARY = "libc++";
				CLANG_ENABLE_MODULES = YES;
				CLANG_ENABLE_OBJC_ARC = YES;
				CLANG_ENABLE_OBJC_WEAK = YES;
				CLANG_WARN_BLOCK_CAPTURE_AUTORELEASING = YES;
				CLANG_WARN_BOOL_CONVERSION = YES;
				CLANG_WARN_COMMA = YES;
				CLANG_WARN_CONSTANT_CONVERSION = YES;
				CLANG_WARN_DEPRECATED_OBJC_IMPLEMENTATIONS = YES;
				CLANG_WARN_DIRECT_OBJC_ISA_USAGE = YES_ERROR;
				CLANG_WARN_DOCUMENTATION_COMMENTS = YES;
				CLANG_WARN_EMPTY_BODY = YES;
				CLANG_WARN_ENUM_CONVERSION = YES;
				CLANG_WARN_INFINITE_RECURSION = YES;
				CLANG_WARN_INT_CONVERSION = YES;
				CLANG_WARN_NON_LITERAL_NULL_CONVERSION = YES;
				CLANG_WARN_OBJC_IMPLICIT_RETAIN_SELF = YES;
				CLANG_WARN_OBJC_LITERAL_CONVERSION = YES;
				CLANG_WARN_OBJC_ROOT_CLASS = YES_ERROR;
				CLANG_WARN_QUOTED_INCLUDE_IN_FRAMEWORK_HEADER = YES;
				CLANG_WARN_RANGE_LOOP_ANALYSIS = YES;
				CLANG_WARN_STRICT_PROTOTYPES = YES;
				CLANG_WARN_SUSPICIOUS_MOVE = YES;
				CLANG_WARN_UNGUARDED_AVAILABILITY = YES_AGGRESSIVE;
				CLANG_WARN_UNREACHABLE_CODE = YES;
				CLANG_WARN__DUPLICATE_METHOD_MATCH = YES;
				COPY_PHASE_STRIP = NO;
				DEBUG_INFORMATION_FORMAT = "dwarf-with-dsym";
				ENABLE_NS_ASSERTIONS = NO;
				ENABLE_STRICT_OBJC_MSGSEND = YES;
				GCC_C_LANGUAGE_STANDARD = gnu11;
				GCC_NO_COMMON_BLOCKS = YES;
				GCC_WARN_64_TO_32_BIT_CONVERSION = YES;
				GCC_WARN_ABOUT_RETURN_TYPE = YES_ERROR;
				GCC_WARN_UNDECLARED_SELECTOR = YES;
				GCC_WARN_UNINITIALIZED_AUTOS = YES_AGGRESSIVE;
				GCC_WARN_UNUSED_FUNCTION = YES;
				GCC_WARN_UNUSED_VARIABLE = YES;
				IPHONEOS_DEPLOYMENT_TARGET = 14.3;
				MTL_ENABLE_DEBUG_INFO = NO;
				MTL_FAST_MATH = YES;
				SDKROOT = iphoneos;
				SWIFT_COMPILATION_MODE = wholemodule;
				SWIFT_OPTIMIZATION_LEVEL = "-O";
				VALIDATE_PRODUCT = YES;
			};
			name = Release;
		};
		5195C72825B0AC300076870F /* Debug */ = {
			isa = XCBuildConfiguration;
			buildSettings = {
				ASSETCATALOG_COMPILER_APPICON_NAME = AppIcon;
				ASSETCATALOG_COMPILER_GLOBAL_ACCENT_COLOR_NAME = AccentColor;
				CODE_SIGN_STYLE = Automatic;
				DEVELOPMENT_ASSET_PATHS = "\"Landmarks/Preview Content\"";
				DEVELOPMENT_TEAM = 2GM38PQ3HZ;
				ENABLE_PREVIEWS = YES;
				INFOPLIST_FILE = Landmarks/Info.plist;
				IPHONEOS_DEPLOYMENT_TARGET = 14.0;
				LD_RUNPATH_SEARCH_PATHS = (
					"$(inherited)",
					"@executable_path/Frameworks",
				);
				PRODUCT_BUNDLE_IDENTIFIER = com.tristanjarrett.Landmarks;
				PRODUCT_NAME = "$(TARGET_NAME)";
				SWIFT_VERSION = 5.0;
				TARGETED_DEVICE_FAMILY = "1,2";
			};
			name = Debug;
		};
		5195C72925B0AC300076870F /* Release */ = {
			isa = XCBuildConfiguration;
			buildSettings = {
				ASSETCATALOG_COMPILER_APPICON_NAME = AppIcon;
				ASSETCATALOG_COMPILER_GLOBAL_ACCENT_COLOR_NAME = AccentColor;
				CODE_SIGN_STYLE = Automatic;
				DEVELOPMENT_ASSET_PATHS = "\"Landmarks/Preview Content\"";
				DEVELOPMENT_TEAM = 2GM38PQ3HZ;
				ENABLE_PREVIEWS = YES;
				INFOPLIST_FILE = Landmarks/Info.plist;
				IPHONEOS_DEPLOYMENT_TARGET = 14.0;
				LD_RUNPATH_SEARCH_PATHS = (
					"$(inherited)",
					"@executable_path/Frameworks",
				);
				PRODUCT_BUNDLE_IDENTIFIER = com.tristanjarrett.Landmarks;
				PRODUCT_NAME = "$(TARGET_NAME)";
				SWIFT_VERSION = 5.0;
				TARGETED_DEVICE_FAMILY = "1,2";
			};
			name = Release;
		};
/* End XCBuildConfiguration section */

/* Begin XCConfigurationList section */
		5195C71325B0AC2D0076870F /* Build configuration list for PBXProject "Landmarks" */ = {
			isa = XCConfigurationList;
			buildConfigurations = (
				5195C72525B0AC300076870F /* Debug */,
				5195C72625B0AC300076870F /* Release */,
			);
			defaultConfigurationIsVisible = 0;
			defaultConfigurationName = Release;
		};
		5195C72725B0AC300076870F /* Build configuration list for PBXNativeTarget "Landmarks" */ = {
			isa = XCConfigurationList;
			buildConfigurations = (
				5195C72825B0AC300076870F /* Debug */,
				5195C72925B0AC300076870F /* Release */,
			);
			defaultConfigurationIsVisible = 0;
			defaultConfigurationName = Release;
		};
/* End XCConfigurationList section */
	};
	rootObject = 5195C71025B0AC2D0076870F /* Project object */;
}
